
Microsoft Visual Studio Solution File, Format Version 12.00
# Visual Studio Version 17
VisualStudioVersion = 17.8.34511.84
MinimumVisualStudioVersion = 10.0.40219.1
Project("{FAE04EC0-301F-11D3-BF4B-00C04F79EFBC}") = "EmployeeReport", "EmployeeReport\EmployeeReport.csproj", "{DCADB67B-6212-45DE-83BF-B30BF253D995}"
EndProject
Global
	GlobalSection(SolutionConfigurationPlatforms) = preSolution
		Debug|Any CPU = Debug|Any CPU
		Release|Any CPU = Release|Any CPU
	EndGlobalSection
	GlobalSection(ProjectConfigurationPlatforms) = postSolution
		{DCADB67B-6212-45DE-83BF-B30BF253D995}.Debug|Any CPU.ActiveCfg = Debug|Any CPU
		{DCADB67B-6212-45DE-83BF-B30BF253D995}.Debug|Any CPU.Build.0 = Debug|Any CPU
		{DCADB67B-6212-45DE-83BF-B30BF253D995}.Release|Any CPU.ActiveCfg = Release|Any CPU
		{DCADB67B-6212-45DE-83BF-B30BF253D995}.Release|Any CPU.Build.0 = Release|Any CPU
	EndGlobalSection
	GlobalSection(SolutionProperties) = preSolution
		HideSolutionNode = FALSE
	EndGlobalSection
	GlobalSection(ExtensibilityGlobals) = postSolution
		SolutionGuid = {86CA0BEE-9301-4F74-9226-8354929F2AAE}
	EndGlobalSection
EndGlobal
